
Microsoft Visual Studio Solution File, Format Version 12.00
# Visual Studio 14
VisualStudioVersion = 14.0.25420.1
MinimumVisualStudioVersion = 10.0.40219.1
Project("{FAE04EC0-301F-11D3-BF4B-00C04F79EFBC}") = "NugetTest", "NugetTest\NugetTest.csproj", "{16E45782-2D76-4878-8E51-33DF0D8927DE}"
EndProject
Global
	GlobalSection(SolutionConfigurationPlatforms) = preSolution
		Debug|Any CPU = Debug|Any CPU
		Release|Any CPU = Release|Any CPU
		Release-3.5|Any CPU = Release-3.5|Any CPU
		Release-3.5C|Any CPU = Release-3.5C|Any CPU
		Release-4.0|Any CPU = Release-4.0|Any CPU
		Release-4.0C|Any CPU = Release-4.0C|Any CPU
		Release-4.5|Any CPU = Release-4.5|Any CPU
		Release-Mono|Any CPU = Release-Mono|Any CPU
	EndGlobalSection
	GlobalSection(ProjectConfigurationPlatforms) = postSolution
		{16E45782-2D76-4878-8E51-33DF0D8927DE}.Debug|Any CPU.ActiveCfg = Debug|Any CPU
		{16E45782-2D76-4878-8E51-33DF0D8927DE}.Debug|Any CPU.Build.0 = Debug|Any CPU
		{16E45782-2D76-4878-8E51-33DF0D8927DE}.Release|Any CPU.ActiveCfg = Release|Any CPU
		{16E45782-2D76-4878-8E51-33DF0D8927DE}.Release-3.5|Any CPU.ActiveCfg = Release-3.5|Any CPU
		{16E45782-2D76-4878-8E51-33DF0D8927DE}.Release-3.5C|Any CPU.ActiveCfg = Release-3.5C|Any CPU
		{16E45782-2D76-4878-8E51-33DF0D8927DE}.Release-3.5C|Any CPU.Build.0 = Release-3.5C|Any CPU
		{16E45782-2D76-4878-8E51-33DF0D8927DE}.Release-4.0|Any CPU.ActiveCfg = Release|Any CPU
		{16E45782-2D76-4878-8E51-33DF0D8927DE}.Release-4.0C|Any CPU.ActiveCfg = Release-4.0C|Any CPU
		{16E45782-2D76-4878-8E51-33DF0D8927DE}.Release-4.5|Any CPU.ActiveCfg = Release-4.5|Any CPU
		{16E45782-2D76-4878-8E51-33DF0D8927DE}.Release-Mono|Any CPU.ActiveCfg = Release-Mono|Any CPU
	EndGlobalSection
	GlobalSection(SolutionProperties) = preSolution
		HideSolutionNode = FALSE
	EndGlobalSection
	GlobalSection(MonoDevelopProperties) = preSolution
		StartupItem = Manatee.Trello\Manatee.Trello.csproj
	EndGlobalSection
	GlobalSection(TestCaseManagementSettings) = postSolution
		CategoryFile = Manatee.Trello.vsmdi
	EndGlobalSection
EndGlobal
