
Microsoft Visual Studio Solution File, Format Version 12.00
# Visual Studio 2013
VisualStudioVersion = 12.0.30723.0
MinimumVisualStudioVersion = 10.0.40219.1
Project("{2150E333-8FDC-42A3-9474-1A3956D46DE8}") = "Solution Items", "Solution Items", "{1212EE5D-F7A5-45EF-9A9B-225D7FEFC39F}"
	ProjectSection(SolutionItems) = preProject
		Local.testsettings = Local.testsettings
		Manatee.Trello.vsmdi = Manatee.Trello.vsmdi
		TraceAndTestImpact.testsettings = TraceAndTestImpact.testsettings
	EndProjectSection
EndProject
Project("{FAE04EC0-301F-11D3-BF4B-00C04F79EFBC}") = "Manatee.Trello", "Manatee.Trello\Manatee.Trello.csproj", "{E11BD6AE-0373-40CF-A4F3-6B156096DDB0}"
EndProject
Project("{FAE04EC0-301F-11D3-BF4B-00C04F79EFBC}") = "Manatee.Trello.ManateeJson", "Manatee.Trello.ManateeJson\Manatee.Trello.ManateeJson.csproj", "{FB07603F-BD9B-4CBB-8142-47666C5D88CF}"
EndProject
Project("{FAE04EC0-301F-11D3-BF4B-00C04F79EFBC}") = "Manatee.Trello.RestSharp", "Manatee.Trello.RestSharp\Manatee.Trello.RestSharp.csproj", "{BAD3068D-BFFB-4B0D-9826-1DF8295827C9}"
EndProject
Project("{2150E333-8FDC-42A3-9474-1A3956D46DE8}") = "Testing", "Testing", "{29C1914C-949C-4B23-BC09-94D0843D0B1B}"
EndProject
Project("{FAE04EC0-301F-11D3-BF4B-00C04F79EFBC}") = "Manatee.Trello.Test", "Manatee.Trello.Test\Manatee.Trello.Test.csproj", "{9F9A1703-6B8A-4808-B1C5-6694EBE1640A}"
EndProject
Project("{FAE04EC0-301F-11D3-BF4B-00C04F79EFBC}") = "Manatee.Trello.Test.Unit", "Manatee.Trello.Test.Unit\Manatee.Trello.Test.Unit.csproj", "{7E4E2A3D-4EB0-4C65-9CB5-EA70D46D8BBA}"
EndProject
Project("{2150E333-8FDC-42A3-9474-1A3956D46DE8}") = "Other Frameworks", "Other Frameworks", "{5021B1B4-7B4B-4E96-9D2A-33F66234CEF1}"
EndProject
Project("{2150E333-8FDC-42A3-9474-1A3956D46DE8}") = "3.5", "3.5", "{CA303703-16E7-4ABF-8DE9-329CB47A002B}"
EndProject
Project("{FAE04EC0-301F-11D3-BF4B-00C04F79EFBC}") = "Manatee.Trello", "Frameworks\3.5\Manatee.Trello\Manatee.Trello.csproj", "{21123D00-F73C-49F7-B2EB-26816EEBC231}"
EndProject
Project("{FAE04EC0-301F-11D3-BF4B-00C04F79EFBC}") = "Manatee.Trello.ManateeJson", "Frameworks\3.5\Manatee.Trello.ManateeJson\Manatee.Trello.ManateeJson.csproj", "{4E1C17A1-78EB-4D3F-B3F3-8DB819D35AA2}"
EndProject
Project("{FAE04EC0-301F-11D3-BF4B-00C04F79EFBC}") = "Manatee.Trello.RestSharp", "Frameworks\3.5\Manatee.Trello.RestSharp\Manatee.Trello.RestSharp.csproj", "{A8C8B6AE-A278-4A20-B0BC-5DF417000837}"
EndProject
Project("{2150E333-8FDC-42A3-9474-1A3956D46DE8}") = "3.5 Client", "3.5 Client", "{31302BAC-448D-4CA7-BDB6-4C8A2D0CF1F6}"
EndProject
Project("{FAE04EC0-301F-11D3-BF4B-00C04F79EFBC}") = "Manatee.Trello", "Frameworks\3.5 Client\Manatee.Trello\Manatee.Trello.csproj", "{46B3F6B0-C923-4783-ACA7-90650C1C17E1}"
EndProject
Project("{FAE04EC0-301F-11D3-BF4B-00C04F79EFBC}") = "Manatee.Trello.ManateeJson", "Frameworks\3.5 Client\Manatee.Trello.ManateeJson\Manatee.Trello.ManateeJson.csproj", "{DB163F4E-CD3F-4DCD-B4B4-6F26B1B6F0A8}"
EndProject
Project("{FAE04EC0-301F-11D3-BF4B-00C04F79EFBC}") = "Manatee.Trello.RestSharp", "Frameworks\3.5 Client\Manatee.Trello.RestSharp\Manatee.Trello.RestSharp.csproj", "{D189641F-F520-4BE1-8F6C-5E7B6E71AE63}"
EndProject
Project("{2150E333-8FDC-42A3-9474-1A3956D46DE8}") = "4.0 Client", "4.0 Client", "{2127486F-A4FF-41AB-B793-996A777628BF}"
EndProject
Project("{FAE04EC0-301F-11D3-BF4B-00C04F79EFBC}") = "Manatee.Trello", "Frameworks\4.0 Client\Manatee.Trello\Manatee.Trello.csproj", "{60CC62A0-80D2-4B2D-AE98-B25327B9742C}"
EndProject
Project("{FAE04EC0-301F-11D3-BF4B-00C04F79EFBC}") = "Manatee.Trello.ManateeJson", "Frameworks\4.0 Client\Manatee.Trello.ManateeJson\Manatee.Trello.ManateeJson.csproj", "{2F8251BD-E473-451C-ADFF-9553E6C63DDE}"
EndProject
Project("{FAE04EC0-301F-11D3-BF4B-00C04F79EFBC}") = "Manatee.Trello.RestSharp", "Frameworks\4.0 Client\Manatee.Trello.RestSharp\Manatee.Trello.RestSharp.csproj", "{ECBF9042-66C8-44B9-85A6-C1F55C563A11}"
EndProject
Project("{2150E333-8FDC-42A3-9474-1A3956D46DE8}") = "4.5", "4.5", "{63824823-B83A-46FA-806D-E00A175BA93B}"
EndProject
Project("{FAE04EC0-301F-11D3-BF4B-00C04F79EFBC}") = "Manatee.Trello", "Frameworks\4.5\Manatee.Trello\Manatee.Trello.csproj", "{6327037E-7CA1-4E77-BAE0-D8019749164F}"
EndProject
Project("{FAE04EC0-301F-11D3-BF4B-00C04F79EFBC}") = "Manatee.Trello.ManateeJson", "Frameworks\4.5\Manatee.Trello.ManateeJson\Manatee.Trello.ManateeJson.csproj", "{64EC04C5-CB98-4A16-95F0-A70D000E1137}"
EndProject
Project("{FAE04EC0-301F-11D3-BF4B-00C04F79EFBC}") = "Manatee.Trello.RestSharp", "Frameworks\4.5\Manatee.Trello.RestSharp\Manatee.Trello.RestSharp.csproj", "{E13FD93D-3DB4-4412-846C-80AAAEA7E645}"
EndProject
Project("{2150E333-8FDC-42A3-9474-1A3956D46DE8}") = "iOS", "iOS", "{9A86ED8F-630E-4209-AB69-6AC12D3A66D9}"
EndProject
Project("{FAE04EC0-301F-11D3-BF4B-00C04F79EFBC}") = "Manatee.Trello", "Frameworks\iOS\Manatee.Trello\Manatee.Trello.csproj", "{DE0D7D57-75B3-40CB-84FF-13265FD4049D}"
EndProject
Project("{FAE04EC0-301F-11D3-BF4B-00C04F79EFBC}") = "Manatee.Trello.ManateeJson", "Frameworks\iOS\Manatee.Trello.ManateeJson\Manatee.Trello.ManateeJson.csproj", "{FEF8C7E8-BE7E-4B52-BEF4-502E267B87FB}"
EndProject
Project("{FAE04EC0-301F-11D3-BF4B-00C04F79EFBC}") = "ConsoleTest", "ConsoleTest\ConsoleTest.csproj", "{72E58F10-11AA-4ABF-852D-CE2030A21C22}"
EndProject
Global
	GlobalSection(SolutionConfigurationPlatforms) = preSolution
		Debug|Any CPU = Debug|Any CPU
		Release|Any CPU = Release|Any CPU
	EndGlobalSection
	GlobalSection(ProjectConfigurationPlatforms) = postSolution
		{E11BD6AE-0373-40CF-A4F3-6B156096DDB0}.Debug|Any CPU.ActiveCfg = Debug|Any CPU
		{E11BD6AE-0373-40CF-A4F3-6B156096DDB0}.Debug|Any CPU.Build.0 = Debug|Any CPU
		{E11BD6AE-0373-40CF-A4F3-6B156096DDB0}.Release|Any CPU.ActiveCfg = Release|Any CPU
		{E11BD6AE-0373-40CF-A4F3-6B156096DDB0}.Release|Any CPU.Build.0 = Release|Any CPU
		{FB07603F-BD9B-4CBB-8142-47666C5D88CF}.Debug|Any CPU.ActiveCfg = Debug|Any CPU
		{FB07603F-BD9B-4CBB-8142-47666C5D88CF}.Debug|Any CPU.Build.0 = Debug|Any CPU
		{FB07603F-BD9B-4CBB-8142-47666C5D88CF}.Release|Any CPU.ActiveCfg = Release|Any CPU
		{FB07603F-BD9B-4CBB-8142-47666C5D88CF}.Release|Any CPU.Build.0 = Release|Any CPU
		{BAD3068D-BFFB-4B0D-9826-1DF8295827C9}.Debug|Any CPU.ActiveCfg = Debug|Any CPU
		{BAD3068D-BFFB-4B0D-9826-1DF8295827C9}.Debug|Any CPU.Build.0 = Debug|Any CPU
		{BAD3068D-BFFB-4B0D-9826-1DF8295827C9}.Release|Any CPU.ActiveCfg = Release|Any CPU
		{BAD3068D-BFFB-4B0D-9826-1DF8295827C9}.Release|Any CPU.Build.0 = Release|Any CPU
		{9F9A1703-6B8A-4808-B1C5-6694EBE1640A}.Debug|Any CPU.ActiveCfg = Debug|Any CPU
		{9F9A1703-6B8A-4808-B1C5-6694EBE1640A}.Debug|Any CPU.Build.0 = Debug|Any CPU
		{9F9A1703-6B8A-4808-B1C5-6694EBE1640A}.Release|Any CPU.ActiveCfg = Release|Any CPU
		{7E4E2A3D-4EB0-4C65-9CB5-EA70D46D8BBA}.Debug|Any CPU.ActiveCfg = Debug|Any CPU
		{7E4E2A3D-4EB0-4C65-9CB5-EA70D46D8BBA}.Debug|Any CPU.Build.0 = Debug|Any CPU
		{7E4E2A3D-4EB0-4C65-9CB5-EA70D46D8BBA}.Release|Any CPU.ActiveCfg = Release|Any CPU
		{21123D00-F73C-49F7-B2EB-26816EEBC231}.Debug|Any CPU.ActiveCfg = Debug|Any CPU
		{21123D00-F73C-49F7-B2EB-26816EEBC231}.Debug|Any CPU.Build.0 = Debug|Any CPU
		{21123D00-F73C-49F7-B2EB-26816EEBC231}.Release|Any CPU.ActiveCfg = Release|Any CPU
		{21123D00-F73C-49F7-B2EB-26816EEBC231}.Release|Any CPU.Build.0 = Release|Any CPU
		{4E1C17A1-78EB-4D3F-B3F3-8DB819D35AA2}.Debug|Any CPU.ActiveCfg = Debug|Any CPU
		{4E1C17A1-78EB-4D3F-B3F3-8DB819D35AA2}.Debug|Any CPU.Build.0 = Debug|Any CPU
		{4E1C17A1-78EB-4D3F-B3F3-8DB819D35AA2}.Release|Any CPU.ActiveCfg = Release|Any CPU
		{4E1C17A1-78EB-4D3F-B3F3-8DB819D35AA2}.Release|Any CPU.Build.0 = Release|Any CPU
		{A8C8B6AE-A278-4A20-B0BC-5DF417000837}.Debug|Any CPU.ActiveCfg = Debug|Any CPU
		{A8C8B6AE-A278-4A20-B0BC-5DF417000837}.Debug|Any CPU.Build.0 = Debug|Any CPU
		{A8C8B6AE-A278-4A20-B0BC-5DF417000837}.Release|Any CPU.ActiveCfg = Release|Any CPU
		{A8C8B6AE-A278-4A20-B0BC-5DF417000837}.Release|Any CPU.Build.0 = Release|Any CPU
		{46B3F6B0-C923-4783-ACA7-90650C1C17E1}.Debug|Any CPU.ActiveCfg = Debug|Any CPU
		{46B3F6B0-C923-4783-ACA7-90650C1C17E1}.Debug|Any CPU.Build.0 = Debug|Any CPU
		{46B3F6B0-C923-4783-ACA7-90650C1C17E1}.Release|Any CPU.ActiveCfg = Release|Any CPU
		{46B3F6B0-C923-4783-ACA7-90650C1C17E1}.Release|Any CPU.Build.0 = Release|Any CPU
		{DB163F4E-CD3F-4DCD-B4B4-6F26B1B6F0A8}.Debug|Any CPU.ActiveCfg = Debug|Any CPU
		{DB163F4E-CD3F-4DCD-B4B4-6F26B1B6F0A8}.Debug|Any CPU.Build.0 = Debug|Any CPU
		{DB163F4E-CD3F-4DCD-B4B4-6F26B1B6F0A8}.Release|Any CPU.ActiveCfg = Release|Any CPU
		{DB163F4E-CD3F-4DCD-B4B4-6F26B1B6F0A8}.Release|Any CPU.Build.0 = Release|Any CPU
		{D189641F-F520-4BE1-8F6C-5E7B6E71AE63}.Debug|Any CPU.ActiveCfg = Debug|Any CPU
		{D189641F-F520-4BE1-8F6C-5E7B6E71AE63}.Debug|Any CPU.Build.0 = Debug|Any CPU
		{D189641F-F520-4BE1-8F6C-5E7B6E71AE63}.Release|Any CPU.ActiveCfg = Release|Any CPU
		{D189641F-F520-4BE1-8F6C-5E7B6E71AE63}.Release|Any CPU.Build.0 = Release|Any CPU
		{60CC62A0-80D2-4B2D-AE98-B25327B9742C}.Debug|Any CPU.ActiveCfg = Debug|Any CPU
		{60CC62A0-80D2-4B2D-AE98-B25327B9742C}.Debug|Any CPU.Build.0 = Debug|Any CPU
		{60CC62A0-80D2-4B2D-AE98-B25327B9742C}.Release|Any CPU.ActiveCfg = Release|Any CPU
		{60CC62A0-80D2-4B2D-AE98-B25327B9742C}.Release|Any CPU.Build.0 = Release|Any CPU
		{2F8251BD-E473-451C-ADFF-9553E6C63DDE}.Debug|Any CPU.ActiveCfg = Debug|Any CPU
		{2F8251BD-E473-451C-ADFF-9553E6C63DDE}.Debug|Any CPU.Build.0 = Debug|Any CPU
		{2F8251BD-E473-451C-ADFF-9553E6C63DDE}.Release|Any CPU.ActiveCfg = Release|Any CPU
		{2F8251BD-E473-451C-ADFF-9553E6C63DDE}.Release|Any CPU.Build.0 = Release|Any CPU
		{ECBF9042-66C8-44B9-85A6-C1F55C563A11}.Debug|Any CPU.ActiveCfg = Debug|Any CPU
		{ECBF9042-66C8-44B9-85A6-C1F55C563A11}.Debug|Any CPU.Build.0 = Debug|Any CPU
		{ECBF9042-66C8-44B9-85A6-C1F55C563A11}.Release|Any CPU.ActiveCfg = Release|Any CPU
		{ECBF9042-66C8-44B9-85A6-C1F55C563A11}.Release|Any CPU.Build.0 = Release|Any CPU
		{6327037E-7CA1-4E77-BAE0-D8019749164F}.Debug|Any CPU.ActiveCfg = Debug|Any CPU
		{6327037E-7CA1-4E77-BAE0-D8019749164F}.Debug|Any CPU.Build.0 = Debug|Any CPU
		{6327037E-7CA1-4E77-BAE0-D8019749164F}.Release|Any CPU.ActiveCfg = Release|Any CPU
		{6327037E-7CA1-4E77-BAE0-D8019749164F}.Release|Any CPU.Build.0 = Release|Any CPU
		{64EC04C5-CB98-4A16-95F0-A70D000E1137}.Debug|Any CPU.ActiveCfg = Debug|Any CPU
		{64EC04C5-CB98-4A16-95F0-A70D000E1137}.Debug|Any CPU.Build.0 = Debug|Any CPU
		{64EC04C5-CB98-4A16-95F0-A70D000E1137}.Release|Any CPU.ActiveCfg = Release|Any CPU
		{64EC04C5-CB98-4A16-95F0-A70D000E1137}.Release|Any CPU.Build.0 = Release|Any CPU
		{E13FD93D-3DB4-4412-846C-80AAAEA7E645}.Debug|Any CPU.ActiveCfg = Debug|Any CPU
		{E13FD93D-3DB4-4412-846C-80AAAEA7E645}.Debug|Any CPU.Build.0 = Debug|Any CPU
		{E13FD93D-3DB4-4412-846C-80AAAEA7E645}.Release|Any CPU.ActiveCfg = Release|Any CPU
		{E13FD93D-3DB4-4412-846C-80AAAEA7E645}.Release|Any CPU.Build.0 = Release|Any CPU
		{DE0D7D57-75B3-40CB-84FF-13265FD4049D}.Debug|Any CPU.ActiveCfg = Debug|Any CPU
		{DE0D7D57-75B3-40CB-84FF-13265FD4049D}.Debug|Any CPU.Build.0 = Debug|Any CPU
		{DE0D7D57-75B3-40CB-84FF-13265FD4049D}.Release|Any CPU.ActiveCfg = Release|Any CPU
		{DE0D7D57-75B3-40CB-84FF-13265FD4049D}.Release|Any CPU.Build.0 = Release|Any CPU
		{FEF8C7E8-BE7E-4B52-BEF4-502E267B87FB}.Debug|Any CPU.ActiveCfg = Debug|Any CPU
		{FEF8C7E8-BE7E-4B52-BEF4-502E267B87FB}.Debug|Any CPU.Build.0 = Debug|Any CPU
		{FEF8C7E8-BE7E-4B52-BEF4-502E267B87FB}.Release|Any CPU.ActiveCfg = Release|Any CPU
		{FEF8C7E8-BE7E-4B52-BEF4-502E267B87FB}.Release|Any CPU.Build.0 = Release|Any CPU
		{72E58F10-11AA-4ABF-852D-CE2030A21C22}.Debug|Any CPU.ActiveCfg = Debug|Any CPU
		{72E58F10-11AA-4ABF-852D-CE2030A21C22}.Debug|Any CPU.Build.0 = Debug|Any CPU
		{72E58F10-11AA-4ABF-852D-CE2030A21C22}.Release|Any CPU.ActiveCfg = Release|Any CPU
	EndGlobalSection
	GlobalSection(SolutionProperties) = preSolution
		HideSolutionNode = FALSE
	EndGlobalSection
	GlobalSection(NestedProjects) = preSolution
		{9F9A1703-6B8A-4808-B1C5-6694EBE1640A} = {29C1914C-949C-4B23-BC09-94D0843D0B1B}
		{7E4E2A3D-4EB0-4C65-9CB5-EA70D46D8BBA} = {29C1914C-949C-4B23-BC09-94D0843D0B1B}
		{CA303703-16E7-4ABF-8DE9-329CB47A002B} = {5021B1B4-7B4B-4E96-9D2A-33F66234CEF1}
		{21123D00-F73C-49F7-B2EB-26816EEBC231} = {CA303703-16E7-4ABF-8DE9-329CB47A002B}
		{4E1C17A1-78EB-4D3F-B3F3-8DB819D35AA2} = {CA303703-16E7-4ABF-8DE9-329CB47A002B}
		{A8C8B6AE-A278-4A20-B0BC-5DF417000837} = {CA303703-16E7-4ABF-8DE9-329CB47A002B}
		{31302BAC-448D-4CA7-BDB6-4C8A2D0CF1F6} = {5021B1B4-7B4B-4E96-9D2A-33F66234CEF1}
		{46B3F6B0-C923-4783-ACA7-90650C1C17E1} = {31302BAC-448D-4CA7-BDB6-4C8A2D0CF1F6}
		{DB163F4E-CD3F-4DCD-B4B4-6F26B1B6F0A8} = {31302BAC-448D-4CA7-BDB6-4C8A2D0CF1F6}
		{D189641F-F520-4BE1-8F6C-5E7B6E71AE63} = {31302BAC-448D-4CA7-BDB6-4C8A2D0CF1F6}
		{2127486F-A4FF-41AB-B793-996A777628BF} = {5021B1B4-7B4B-4E96-9D2A-33F66234CEF1}
		{60CC62A0-80D2-4B2D-AE98-B25327B9742C} = {2127486F-A4FF-41AB-B793-996A777628BF}
		{2F8251BD-E473-451C-ADFF-9553E6C63DDE} = {2127486F-A4FF-41AB-B793-996A777628BF}
		{ECBF9042-66C8-44B9-85A6-C1F55C563A11} = {2127486F-A4FF-41AB-B793-996A777628BF}
		{63824823-B83A-46FA-806D-E00A175BA93B} = {5021B1B4-7B4B-4E96-9D2A-33F66234CEF1}
		{6327037E-7CA1-4E77-BAE0-D8019749164F} = {63824823-B83A-46FA-806D-E00A175BA93B}
		{64EC04C5-CB98-4A16-95F0-A70D000E1137} = {63824823-B83A-46FA-806D-E00A175BA93B}
		{E13FD93D-3DB4-4412-846C-80AAAEA7E645} = {63824823-B83A-46FA-806D-E00A175BA93B}
		{9A86ED8F-630E-4209-AB69-6AC12D3A66D9} = {5021B1B4-7B4B-4E96-9D2A-33F66234CEF1}
		{DE0D7D57-75B3-40CB-84FF-13265FD4049D} = {9A86ED8F-630E-4209-AB69-6AC12D3A66D9}
		{FEF8C7E8-BE7E-4B52-BEF4-502E267B87FB} = {9A86ED8F-630E-4209-AB69-6AC12D3A66D9}
		{72E58F10-11AA-4ABF-852D-CE2030A21C22} = {29C1914C-949C-4B23-BC09-94D0843D0B1B}
	EndGlobalSection
	GlobalSection(MonoDevelopProperties) = preSolution
		StartupItem = Manatee.Trello\Manatee.Trello.csproj
	EndGlobalSection
	GlobalSection(TestCaseManagementSettings) = postSolution
		CategoryFile = Manatee.Trello.vsmdi
	EndGlobalSection
EndGlobal
